
Microsoft Visual Studio Solution File, Format Version 12.00
# Visual Studio Version 17
VisualStudioVersion = 17.10.34928.147
MinimumVisualStudioVersion = 10.0.40219.1
Project("{FAE04EC0-301F-11D3-BF4B-00C04F79EFBC}") = "FanucControl", "FanucControl\FanucControl.csproj", "{8DD2D29F-3CBF-4959-905E-441672E3A467}"
EndProject
Global
	GlobalSection(SolutionConfigurationPlatforms) = preSolution
		Debug|Any CPU = Debug|Any CPU
		Release|Any CPU = Release|Any CPU
	EndGlobalSection
	GlobalSection(ProjectConfigurationPlatforms) = postSolution
		{8DD2D29F-3CBF-4959-905E-441672E3A467}.Debug|Any CPU.ActiveCfg = Debug|Any CPU
		{8DD2D29F-3CBF-4959-905E-441672E3A467}.Debug|Any CPU.Build.0 = Debug|Any CPU
		{8DD2D29F-3CBF-4959-905E-441672E3A467}.Release|Any CPU.ActiveCfg = Release|Any CPU
		{8DD2D29F-3CBF-4959-905E-441672E3A467}.Release|Any CPU.Build.0 = Release|Any CPU
	EndGlobalSection
	GlobalSection(SolutionProperties) = preSolution
		HideSolutionNode = FALSE
	EndGlobalSection
	GlobalSection(ExtensibilityGlobals) = postSolution
		SolutionGuid = {40E9C0F9-1BE5-4326-BC54-779F7BB38858}
	EndGlobalSection
EndGlobal
